// !$*UTF8*$!
{
	archiveVersion = 1;
	classes = {
	};
	objectVersion = 56;
	objects = {

/* Begin PBXBuildFile section */
		0E1C764B2C704515005BECA5 /* NSTableView.swift in Sources */ = {isa = PBXBuildFile; fileRef = 0E1C764A2C704515005BECA5 /* NSTableView.swift */; };
		0E1C764D2C704E0D005BECA5 /* KeyboardShortcut.swift in Sources */ = {isa = PBXBuildFile; fileRef = 0E1C764C2C704E0D005BECA5 /* KeyboardShortcut.swift */; };
		0E1C764F2C705DE2005BECA5 /* MyEmptyFormatStyle.swift in Sources */ = {isa = PBXBuildFile; fileRef = 0E1C764E2C705DE2005BECA5 /* MyEmptyFormatStyle.swift */; };
		0E5E88AB2C1AAAAD0084B85A /* NSSet.swift in Sources */ = {isa = PBXBuildFile; fileRef = 0E5E88AA2C1AAAAD0084B85A /* NSSet.swift */; };
		0E5E88F92C2532300084B85A /* CDAccount+Codable.swift in Sources */ = {isa = PBXBuildFile; fileRef = 0E5E88F82C2532300084B85A /* CDAccount+Codable.swift */; };
		0E5E88FB2C2532610084B85A /* CDAccountEntry+Codable.swift in Sources */ = {isa = PBXBuildFile; fileRef = 0E5E88FA2C2532610084B85A /* CDAccountEntry+Codable.swift */; };
		0E5E88FE2C2695D80084B85A /* Sortable.swift in Sources */ = {isa = PBXBuildFile; fileRef = 0E5E88FD2C2695D80084B85A /* Sortable.swift */; };
		0E5E89082C2744E90084B85A /* KeyEquivalent.swift in Sources */ = {isa = PBXBuildFile; fileRef = 0E5E89072C2744E90084B85A /* KeyEquivalent.swift */; };
		0E5E89272C2BDAB10084B85A /* CDAccountDropDelegate.swift in Sources */ = {isa = PBXBuildFile; fileRef = 0EDC6FF72C079C660034B411 /* CDAccountDropDelegate.swift */; };
		0E5E892C2C2CE9630084B85A /* CDAccountEntryDropDelegate.swift in Sources */ = {isa = PBXBuildFile; fileRef = 0E5E892B2C2CE9630084B85A /* CDAccountEntryDropDelegate.swift */; };
		0E5E89312C30C6220084B85A /* SidebarView+CreateAccountFlow.swift in Sources */ = {isa = PBXBuildFile; fileRef = 0E5E89302C30C6220084B85A /* SidebarView+CreateAccountFlow.swift */; };
		0E5E89352C30E15B0084B85A /* String.swift in Sources */ = {isa = PBXBuildFile; fileRef = 0E5E89342C30E15B0084B85A /* String.swift */; };
		0E5E89382C31D4BC0084B85A /* EditorView.swift in Sources */ = {isa = PBXBuildFile; fileRef = 0EDC6FEF2C06766F0034B411 /* EditorView.swift */; };
		0E5E893A2C33B5B70084B85A /* CodingUserInfoKey+helper.swift in Sources */ = {isa = PBXBuildFile; fileRef = 0E5E89392C33B5B70084B85A /* CodingUserInfoKey+helper.swift */; };
		0E5E893C2C33BD910084B85A /* NSSortDescriptor.swift in Sources */ = {isa = PBXBuildFile; fileRef = 0E5E893B2C33BD910084B85A /* NSSortDescriptor.swift */; };
		0E5E89402C34FF410084B85A /* StringDropDelegate.swift in Sources */ = {isa = PBXBuildFile; fileRef = 0E5E893F2C34FF410084B85A /* StringDropDelegate.swift */; };
		0E6276ED2C1115F000CC857D /* SidebarView.swift in Sources */ = {isa = PBXBuildFile; fileRef = 0E6276EC2C1115F000CC857D /* SidebarView.swift */; };
		0E6276F32C12374100CC857D /* FetchDescriptor.swift in Sources */ = {isa = PBXBuildFile; fileRef = 0E6276F22C12374100CC857D /* FetchDescriptor.swift */; };
		0E6277572C16D0B600CC857D /* CDAccount+helper.swift in Sources */ = {isa = PBXBuildFile; fileRef = 0E6277562C16D0B600CC857D /* CDAccount+helper.swift */; };
		0E6277592C195A2F00CC857D /* ViewController.swift in Sources */ = {isa = PBXBuildFile; fileRef = 0E6277582C195A2F00CC857D /* ViewController.swift */; };
		0E62775A2C195BCB00CC857D /* Ledger.xcdatamodeld in Sources */ = {isa = PBXBuildFile; fileRef = 0E56DBC22BFD62D00037D189 /* Ledger.xcdatamodeld */; };
		0E62775C2C1960F000CC857D /* CDAccountEntry+helper.swift in Sources */ = {isa = PBXBuildFile; fileRef = 0E62775B2C1960F000CC857D /* CDAccountEntry+helper.swift */; };
		0E70E3282C71537B006850F9 /* CaseIterable.swift in Sources */ = {isa = PBXBuildFile; fileRef = 0E70E3272C71537B006850F9 /* CaseIterable.swift */; };
		0E70E3342C7289E3006850F9 /* TableCommands.swift in Sources */ = {isa = PBXBuildFile; fileRef = 0E70E3332C7289E3006850F9 /* TableCommands.swift */; };
		0E70E3362C730BDA006850F9 /* MyTableCellTextFieldView.swift in Sources */ = {isa = PBXBuildFile; fileRef = 0E70E3352C730BDA006850F9 /* MyTableCellTextFieldView.swift */; };
		0E881E152C646BFE00585C4C /* SearchController.swift in Sources */ = {isa = PBXBuildFile; fileRef = 0E881E142C646BFE00585C4C /* SearchController.swift */; };
		0EBF44CE2BEC51A60039CB5E /* Assets.xcassets in Resources */ = {isa = PBXBuildFile; fileRef = 0EBF44CD2BEC51A60039CB5E /* Assets.xcassets */; };
		0EBF44D12BEC51A60039CB5E /* Preview Assets.xcassets in Resources */ = {isa = PBXBuildFile; fileRef = 0EBF44D02BEC51A60039CB5E /* Preview Assets.xcassets */; };
		0EBF44E32BED560E0039CB5E /* LedgerApp.swift in Sources */ = {isa = PBXBuildFile; fileRef = 0EBF44C92BEC51A50039CB5E /* LedgerApp.swift */; };
		0EBF44E42BED560E0039CB5E /* ContentView.swift in Sources */ = {isa = PBXBuildFile; fileRef = 0EBF44CB2BEC51A50039CB5E /* ContentView.swift */; };
		0ED0019F2C6898CB0022CD68 /* NSPredicate.swift in Sources */ = {isa = PBXBuildFile; fileRef = 0ED0019E2C6898CB0022CD68 /* NSPredicate.swift */; };
		0ED001A12C6899AC0022CD68 /* TODO.rtf in Resources */ = {isa = PBXBuildFile; fileRef = 0ED001A02C6899AC0022CD68 /* TODO.rtf */; };
		0ED001A42C6C84100022CD68 /* DefaultInitalizable.swift in Sources */ = {isa = PBXBuildFile; fileRef = 0ED001A32C6C84100022CD68 /* DefaultInitalizable.swift */; };
		0ED001A62C6C844E0022CD68 /* Double.swift in Sources */ = {isa = PBXBuildFile; fileRef = 0ED001A52C6C844E0022CD68 /* Double.swift */; };
		0ED001A92C6C84FB0022CD68 /* Date.swift in Sources */ = {isa = PBXBuildFile; fileRef = 0ED001A82C6C84FB0022CD68 /* Date.swift */; };
		0ED001AD2C6C863C0022CD68 /* MyDateFormatStyle.swift in Sources */ = {isa = PBXBuildFile; fileRef = 0ED001AC2C6C863C0022CD68 /* MyDateFormatStyle.swift */; };
		0ED8A5B12C59DFE00011E102 /* CDController.swift in Sources */ = {isa = PBXBuildFile; fileRef = 0ED8A5B02C59DFDF0011E102 /* CDController.swift */; };
		0ED8A5B32C5ADD460011E102 /* Constants.swift in Sources */ = {isa = PBXBuildFile; fileRef = 0ED8A5B22C5ADD460011E102 /* Constants.swift */; };
		0ED8A5B52C6034940011E102 /* NSManagedObjectContext.swift in Sources */ = {isa = PBXBuildFile; fileRef = 0ED8A5B42C6034940011E102 /* NSManagedObjectContext.swift */; };
		0ED8A5B92C64230C0011E102 /* FRC.swift in Sources */ = {isa = PBXBuildFile; fileRef = 0ED8A5B82C64230C0011E102 /* FRC.swift */; };
		0EDC6FED2C0581BC0034B411 /* DateFormatter.swift in Sources */ = {isa = PBXBuildFile; fileRef = 0EDC6FEC2C0581BC0034B411 /* DateFormatter.swift */; };
		0EDC6FF22C0677C80034B411 /* MyStringFormatStyle.swift in Sources */ = {isa = PBXBuildFile; fileRef = 0EDC6FF12C0677C80034B411 /* MyStringFormatStyle.swift */; };
		0EDC6FF42C0697A00034B411 /* View.swift in Sources */ = {isa = PBXBuildFile; fileRef = 0EDC6FF32C0697A00034B411 /* View.swift */; };
		0EDC6FF62C06B2340034B411 /* PersistenceController.swift in Sources */ = {isa = PBXBuildFile; fileRef = 0EDC6FF52C06B2340034B411 /* PersistenceController.swift */; };
		0EE8B4FD2C4622E900A1AB43 /* TableView.storyboard in Resources */ = {isa = PBXBuildFile; fileRef = 0EE8B4FC2C4622E900A1AB43 /* TableView.storyboard */; };
		0EE8B5012C46FBA900A1AB43 /* TableViewController.swift in Sources */ = {isa = PBXBuildFile; fileRef = 0EE8B5002C46FBA900A1AB43 /* TableViewController.swift */; };
		0EE8B5062C480B6A00A1AB43 /* TableViewControllerRepresentable.swift in Sources */ = {isa = PBXBuildFile; fileRef = 0EE8B5052C480B6A00A1AB43 /* TableViewControllerRepresentable.swift */; };
		0EE8B51B2C4F8B5A00A1AB43 /* TableViewControllerDelegate.swift in Sources */ = {isa = PBXBuildFile; fileRef = 0EE8B51A2C4F8B5A00A1AB43 /* TableViewControllerDelegate.swift */; };
/* End PBXBuildFile section */

/* Begin PBXCopyFilesBuildPhase section */
		0EBF45072BEDC48F0039CB5E /* CopyFiles */ = {
			isa = PBXCopyFilesBuildPhase;
			buildActionMask = 2147483647;
			dstPath = "";
			dstSubfolderSpec = 7;
			files = (
			);
			runOnlyForDeploymentPostprocessing = 0;
		};
/* End PBXCopyFilesBuildPhase section */

/* Begin PBXFileReference section */
		0E11D16C2C3C563400D96A8E /* Extra.swift */ = {isa = PBXFileReference; lastKnownFileType = sourcecode.swift; path = Extra.swift; sourceTree = "<group>"; };
		0E1C764A2C704515005BECA5 /* NSTableView.swift */ = {isa = PBXFileReference; lastKnownFileType = sourcecode.swift; path = NSTableView.swift; sourceTree = "<group>"; };
		0E1C764C2C704E0D005BECA5 /* KeyboardShortcut.swift */ = {isa = PBXFileReference; lastKnownFileType = sourcecode.swift; path = KeyboardShortcut.swift; sourceTree = "<group>"; };
		0E1C764E2C705DE2005BECA5 /* MyEmptyFormatStyle.swift */ = {isa = PBXFileReference; lastKnownFileType = sourcecode.swift; path = MyEmptyFormatStyle.swift; sourceTree = "<group>"; };
		0E56DBBC2BFC5C320037D189 /* future_ideas.rtf */ = {isa = PBXFileReference; lastKnownFileType = text.rtf; path = future_ideas.rtf; sourceTree = "<group>"; };
		0E56DBC32BFD62D00037D189 /* Ledger.xcdatamodel */ = {isa = PBXFileReference; lastKnownFileType = wrapper.xcdatamodel; path = Ledger.xcdatamodel; sourceTree = "<group>"; };
		0E56DBC52BFDD4B40037D189 /* Info.plist */ = {isa = PBXFileReference; lastKnownFileType = text.plist; path = Info.plist; sourceTree = "<group>"; };
		0E5E88AA2C1AAAAD0084B85A /* NSSet.swift */ = {isa = PBXFileReference; lastKnownFileType = sourcecode.swift; path = NSSet.swift; sourceTree = "<group>"; };
		0E5E88F82C2532300084B85A /* CDAccount+Codable.swift */ = {isa = PBXFileReference; lastKnownFileType = sourcecode.swift; path = "CDAccount+Codable.swift"; sourceTree = "<group>"; };
		0E5E88FA2C2532610084B85A /* CDAccountEntry+Codable.swift */ = {isa = PBXFileReference; lastKnownFileType = sourcecode.swift; path = "CDAccountEntry+Codable.swift"; sourceTree = "<group>"; };
		0E5E88FD2C2695D80084B85A /* Sortable.swift */ = {isa = PBXFileReference; lastKnownFileType = sourcecode.swift; path = Sortable.swift; sourceTree = "<group>"; };
		0E5E89072C2744E90084B85A /* KeyEquivalent.swift */ = {isa = PBXFileReference; lastKnownFileType = sourcecode.swift; path = KeyEquivalent.swift; sourceTree = "<group>"; };
		0E5E892B2C2CE9630084B85A /* CDAccountEntryDropDelegate.swift */ = {isa = PBXFileReference; lastKnownFileType = sourcecode.swift; path = CDAccountEntryDropDelegate.swift; sourceTree = "<group>"; };
		0E5E89302C30C6220084B85A /* SidebarView+CreateAccountFlow.swift */ = {isa = PBXFileReference; lastKnownFileType = sourcecode.swift; path = "SidebarView+CreateAccountFlow.swift"; sourceTree = "<group>"; };
		0E5E89342C30E15B0084B85A /* String.swift */ = {isa = PBXFileReference; lastKnownFileType = sourcecode.swift; path = String.swift; sourceTree = "<group>"; };
		0E5E89392C33B5B70084B85A /* CodingUserInfoKey+helper.swift */ = {isa = PBXFileReference; lastKnownFileType = sourcecode.swift; path = "CodingUserInfoKey+helper.swift"; sourceTree = "<group>"; };
		0E5E893B2C33BD910084B85A /* NSSortDescriptor.swift */ = {isa = PBXFileReference; lastKnownFileType = sourcecode.swift; path = NSSortDescriptor.swift; sourceTree = "<group>"; };
		0E5E893F2C34FF410084B85A /* StringDropDelegate.swift */ = {isa = PBXFileReference; lastKnownFileType = sourcecode.swift; path = StringDropDelegate.swift; sourceTree = "<group>"; };
		0E6276EC2C1115F000CC857D /* SidebarView.swift */ = {isa = PBXFileReference; lastKnownFileType = sourcecode.swift; path = SidebarView.swift; sourceTree = "<group>"; };
		0E6276F22C12374100CC857D /* FetchDescriptor.swift */ = {isa = PBXFileReference; lastKnownFileType = sourcecode.swift; path = FetchDescriptor.swift; sourceTree = "<group>"; };
		0E6277562C16D0B600CC857D /* CDAccount+helper.swift */ = {isa = PBXFileReference; lastKnownFileType = sourcecode.swift; path = "CDAccount+helper.swift"; sourceTree = "<group>"; };
		0E6277582C195A2F00CC857D /* ViewController.swift */ = {isa = PBXFileReference; lastKnownFileType = sourcecode.swift; path = ViewController.swift; sourceTree = "<group>"; };
		0E62775B2C1960F000CC857D /* CDAccountEntry+helper.swift */ = {isa = PBXFileReference; lastKnownFileType = sourcecode.swift; path = "CDAccountEntry+helper.swift"; sourceTree = "<group>"; };
		0E70E3272C71537B006850F9 /* CaseIterable.swift */ = {isa = PBXFileReference; lastKnownFileType = sourcecode.swift; path = CaseIterable.swift; sourceTree = "<group>"; };
		0E70E3332C7289E3006850F9 /* TableCommands.swift */ = {isa = PBXFileReference; lastKnownFileType = sourcecode.swift; path = TableCommands.swift; sourceTree = "<group>"; };
		0E70E3352C730BDA006850F9 /* MyTableCellTextFieldView.swift */ = {isa = PBXFileReference; lastKnownFileType = sourcecode.swift; path = MyTableCellTextFieldView.swift; sourceTree = "<group>"; };
		0E881E142C646BFE00585C4C /* SearchController.swift */ = {isa = PBXFileReference; lastKnownFileType = sourcecode.swift; path = SearchController.swift; sourceTree = "<group>"; };
		0EBF44C62BEC51A50039CB5E /* Ledger.app */ = {isa = PBXFileReference; explicitFileType = wrapper.application; includeInIndex = 0; path = Ledger.app; sourceTree = BUILT_PRODUCTS_DIR; };
		0EBF44C92BEC51A50039CB5E /* LedgerApp.swift */ = {isa = PBXFileReference; lastKnownFileType = sourcecode.swift; path = LedgerApp.swift; sourceTree = "<group>"; };
		0EBF44CB2BEC51A50039CB5E /* ContentView.swift */ = {isa = PBXFileReference; lastKnownFileType = sourcecode.swift; path = ContentView.swift; sourceTree = "<group>"; };
		0EBF44CD2BEC51A60039CB5E /* Assets.xcassets */ = {isa = PBXFileReference; lastKnownFileType = folder.assetcatalog; path = Assets.xcassets; sourceTree = "<group>"; };
		0EBF44D02BEC51A60039CB5E /* Preview Assets.xcassets */ = {isa = PBXFileReference; lastKnownFileType = folder.assetcatalog; path = "Preview Assets.xcassets"; sourceTree = "<group>"; };
		0EBF44D22BEC51A60039CB5E /* Ledger.entitlements */ = {isa = PBXFileReference; lastKnownFileType = text.plist.entitlements; path = Ledger.entitlements; sourceTree = "<group>"; };
		0ED0019E2C6898CB0022CD68 /* NSPredicate.swift */ = {isa = PBXFileReference; lastKnownFileType = sourcecode.swift; path = NSPredicate.swift; sourceTree = "<group>"; };
		0ED001A02C6899AC0022CD68 /* TODO.rtf */ = {isa = PBXFileReference; lastKnownFileType = text.rtf; path = TODO.rtf; sourceTree = "<group>"; };
		0ED001A32C6C84100022CD68 /* DefaultInitalizable.swift */ = {isa = PBXFileReference; lastKnownFileType = sourcecode.swift; path = DefaultInitalizable.swift; sourceTree = "<group>"; };
		0ED001A52C6C844E0022CD68 /* Double.swift */ = {isa = PBXFileReference; lastKnownFileType = sourcecode.swift; path = Double.swift; sourceTree = "<group>"; };
		0ED001A82C6C84FB0022CD68 /* Date.swift */ = {isa = PBXFileReference; lastKnownFileType = sourcecode.swift; path = Date.swift; sourceTree = "<group>"; };
		0ED001AC2C6C863C0022CD68 /* MyDateFormatStyle.swift */ = {isa = PBXFileReference; lastKnownFileType = sourcecode.swift; path = MyDateFormatStyle.swift; sourceTree = "<group>"; };
		0ED8A5B02C59DFDF0011E102 /* CDController.swift */ = {isa = PBXFileReference; lastKnownFileType = sourcecode.swift; path = CDController.swift; sourceTree = "<group>"; };
		0ED8A5B22C5ADD460011E102 /* Constants.swift */ = {isa = PBXFileReference; lastKnownFileType = sourcecode.swift; path = Constants.swift; sourceTree = "<group>"; };
		0ED8A5B42C6034940011E102 /* NSManagedObjectContext.swift */ = {isa = PBXFileReference; lastKnownFileType = sourcecode.swift; path = NSManagedObjectContext.swift; sourceTree = "<group>"; };
		0ED8A5B82C64230C0011E102 /* FRC.swift */ = {isa = PBXFileReference; lastKnownFileType = sourcecode.swift; path = FRC.swift; sourceTree = "<group>"; };
		0EDC6FEC2C0581BC0034B411 /* DateFormatter.swift */ = {isa = PBXFileReference; lastKnownFileType = sourcecode.swift; path = DateFormatter.swift; sourceTree = "<group>"; };
		0EDC6FEF2C06766F0034B411 /* EditorView.swift */ = {isa = PBXFileReference; lastKnownFileType = sourcecode.swift; path = EditorView.swift; sourceTree = "<group>"; };
		0EDC6FF12C0677C80034B411 /* MyStringFormatStyle.swift */ = {isa = PBXFileReference; lastKnownFileType = sourcecode.swift; path = MyStringFormatStyle.swift; sourceTree = "<group>"; };
		0EDC6FF32C0697A00034B411 /* View.swift */ = {isa = PBXFileReference; lastKnownFileType = sourcecode.swift; path = View.swift; sourceTree = "<group>"; };
		0EDC6FF52C06B2340034B411 /* PersistenceController.swift */ = {isa = PBXFileReference; lastKnownFileType = sourcecode.swift; path = PersistenceController.swift; sourceTree = "<group>"; };
		0EDC6FF72C079C660034B411 /* CDAccountDropDelegate.swift */ = {isa = PBXFileReference; lastKnownFileType = sourcecode.swift; path = CDAccountDropDelegate.swift; sourceTree = "<group>"; };
		0EDC6FF92C07D6F50034B411 /* NotificationView.swift */ = {isa = PBXFileReference; lastKnownFileType = sourcecode.swift; path = NotificationView.swift; sourceTree = "<group>"; };
		0EE8B4FC2C4622E900A1AB43 /* TableView.storyboard */ = {isa = PBXFileReference; lastKnownFileType = file.storyboard; path = TableView.storyboard; sourceTree = "<group>"; };
		0EE8B5002C46FBA900A1AB43 /* TableViewController.swift */ = {isa = PBXFileReference; lastKnownFileType = sourcecode.swift; path = TableViewController.swift; sourceTree = "<group>"; };
		0EE8B5052C480B6A00A1AB43 /* TableViewControllerRepresentable.swift */ = {isa = PBXFileReference; lastKnownFileType = sourcecode.swift; path = TableViewControllerRepresentable.swift; sourceTree = "<group>"; };
		0EE8B51A2C4F8B5A00A1AB43 /* TableViewControllerDelegate.swift */ = {isa = PBXFileReference; lastKnownFileType = sourcecode.swift; path = TableViewControllerDelegate.swift; sourceTree = "<group>"; };
/* End PBXFileReference section */

/* Begin PBXFrameworksBuildPhase section */
		0EBF44C32BEC51A50039CB5E /* Frameworks */ = {
			isa = PBXFrameworksBuildPhase;
			buildActionMask = 2147483647;
			files = (
			);
			runOnlyForDeploymentPostprocessing = 0;
		};
/* End PBXFrameworksBuildPhase section */

/* Begin PBXGroup section */
		0E11D16B2C3C561500D96A8E /* Extra Code */ = {
			isa = PBXGroup;
			children = (
				0E11D16C2C3C563400D96A8E /* Extra.swift */,
			);
			path = "Extra Code";
			sourceTree = "<group>";
		};
		0E5E88FC2C2688580084B85A /* Controller */ = {
			isa = PBXGroup;
			children = (
				0E6277582C195A2F00CC857D /* ViewController.swift */,
				0E881E142C646BFE00585C4C /* SearchController.swift */,
				0ED8A5B82C64230C0011E102 /* FRC.swift */,
				0ED8A5B02C59DFDF0011E102 /* CDController.swift */,
				0EDC6FF52C06B2340034B411 /* PersistenceController.swift */,
			);
			path = Controller;
			sourceTree = "<group>";
		};
		0E5E892A2C2CE9360084B85A /* Delegate */ = {
			isa = PBXGroup;
			children = (
				0EDC6FF72C079C660034B411 /* CDAccountDropDelegate.swift */,
				0E5E892B2C2CE9630084B85A /* CDAccountEntryDropDelegate.swift */,
				0E5E893F2C34FF410084B85A /* StringDropDelegate.swift */,
			);
			path = Delegate;
			sourceTree = "<group>";
		};
		0E5E892F2C30C5C00084B85A /* Sidebar */ = {
			isa = PBXGroup;
			children = (
				0E6276EC2C1115F000CC857D /* SidebarView.swift */,
				0E5E89302C30C6220084B85A /* SidebarView+CreateAccountFlow.swift */,
			);
			path = Sidebar;
			sourceTree = "<group>";
		};
		0E6277542C16CD9000CC857D /* CoreData */ = {
			isa = PBXGroup;
			children = (
				0E5E88F82C2532300084B85A /* CDAccount+Codable.swift */,
				0E6277562C16D0B600CC857D /* CDAccount+helper.swift */,
				0E5E88FA2C2532610084B85A /* CDAccountEntry+Codable.swift */,
				0E62775B2C1960F000CC857D /* CDAccountEntry+helper.swift */,
			);
			path = CoreData;
			sourceTree = "<group>";
		};
		0EBF44BD2BEC51A50039CB5E = {
			isa = PBXGroup;
			children = (
				0E56DBBC2BFC5C320037D189 /* future_ideas.rtf */,
				0ED001A02C6899AC0022CD68 /* TODO.rtf */,
				0EBF44C82BEC51A50039CB5E /* Ledger */,
				0EBF44C72BEC51A50039CB5E /* Products */,
			);
			sourceTree = "<group>";
		};
		0EBF44C72BEC51A50039CB5E /* Products */ = {
			isa = PBXGroup;
			children = (
				0EBF44C62BEC51A50039CB5E /* Ledger.app */,
			);
			name = Products;
			sourceTree = "<group>";
		};
		0EBF44C82BEC51A50039CB5E /* Ledger */ = {
			isa = PBXGroup;
			children = (
				0E56DBC52BFDD4B40037D189 /* Info.plist */,
				0EBF44C92BEC51A50039CB5E /* LedgerApp.swift */,
				0E70E3332C7289E3006850F9 /* TableCommands.swift */,
				0EBF44CB2BEC51A50039CB5E /* ContentView.swift */,
				0ED8A5B22C5ADD460011E102 /* Constants.swift */,
				0EE8B5042C480B2800A1AB43 /* TableView */,
				0E5E892A2C2CE9360084B85A /* Delegate */,
				0E5E88FC2C2688580084B85A /* Controller */,
				0EDC6FEE2C0582610034B411 /* Extension */,
				0EDC6FE92C056B200034B411 /* View */,
				0E6277542C16CD9000CC857D /* CoreData */,
				0ED001A22C6C83740022CD68 /* Protocol */,
				0E11D16B2C3C561500D96A8E /* Extra Code */,
				0EBF44D22BEC51A60039CB5E /* Ledger.entitlements */,
				0E56DBC22BFD62D00037D189 /* Ledger.xcdatamodeld */,
				0EE8B4FC2C4622E900A1AB43 /* TableView.storyboard */,
				0EBF44CD2BEC51A60039CB5E /* Assets.xcassets */,
				0EBF44CF2BEC51A60039CB5E /* Preview Content */,
			);
			path = Ledger;
			sourceTree = "<group>";
		};
		0EBF44CF2BEC51A60039CB5E /* Preview Content */ = {
			isa = PBXGroup;
			children = (
				0EBF44D02BEC51A60039CB5E /* Preview Assets.xcassets */,
			);
			path = "Preview Content";
			sourceTree = "<group>";
		};
		0ED001A22C6C83740022CD68 /* Protocol */ = {
			isa = PBXGroup;
			children = (
				0E5E88FD2C2695D80084B85A /* Sortable.swift */,
				0ED001A32C6C84100022CD68 /* DefaultInitalizable.swift */,
				0EE8B51A2C4F8B5A00A1AB43 /* TableViewControllerDelegate.swift */,
			);
			path = Protocol;
			sourceTree = "<group>";
		};
		0ED001A72C6C84E40022CD68 /* Atomic */ = {
			isa = PBXGroup;
			children = (
				0E5E89342C30E15B0084B85A /* String.swift */,
				0ED001A82C6C84FB0022CD68 /* Date.swift */,
				0ED001A52C6C844E0022CD68 /* Double.swift */,
			);
			path = Atomic;
			sourceTree = "<group>";
		};
		0ED001AA2C6C85340022CD68 /* Cocoa */ = {
			isa = PBXGroup;
			children = (
				0ED8A5B42C6034940011E102 /* NSManagedObjectContext.swift */,
				0E5E893B2C33BD910084B85A /* NSSortDescriptor.swift */,
				0ED0019E2C6898CB0022CD68 /* NSPredicate.swift */,
				0E1C764A2C704515005BECA5 /* NSTableView.swift */,
				0E5E88AA2C1AAAAD0084B85A /* NSSet.swift */,
			);
			path = Cocoa;
			sourceTree = "<group>";
		};
		0ED001AB2C6C85940022CD68 /* Swift */ = {
			isa = PBXGroup;
			children = (
				0EDC6FF32C0697A00034B411 /* View.swift */,
				0E70E3272C71537B006850F9 /* CaseIterable.swift */,
				0EDC6FEC2C0581BC0034B411 /* DateFormatter.swift */,
				0E1C764C2C704E0D005BECA5 /* KeyboardShortcut.swift */,
				0E6276F22C12374100CC857D /* FetchDescriptor.swift */,
				0E5E89072C2744E90084B85A /* KeyEquivalent.swift */,
			);
			path = Swift;
			sourceTree = "<group>";
		};
		0EDC6FE92C056B200034B411 /* View */ = {
			isa = PBXGroup;
			children = (
				0E5E892F2C30C5C00084B85A /* Sidebar */,
				0EDC6FEF2C06766F0034B411 /* EditorView.swift */,
				0EDC6FF92C07D6F50034B411 /* NotificationView.swift */,
			);
			path = View;
			sourceTree = "<group>";
		};
		0EDC6FEE2C0582610034B411 /* Extension */ = {
			isa = PBXGroup;
			children = (
				0ED001AB2C6C85940022CD68 /* Swift */,
				0ED001AA2C6C85340022CD68 /* Cocoa */,
				0ED001A72C6C84E40022CD68 /* Atomic */,
				0E5E89392C33B5B70084B85A /* CodingUserInfoKey+helper.swift */,
				0EDC6FF12C0677C80034B411 /* MyStringFormatStyle.swift */,
				0ED001AC2C6C863C0022CD68 /* MyDateFormatStyle.swift */,
				0E1C764E2C705DE2005BECA5 /* MyEmptyFormatStyle.swift */,
			);
			path = Extension;
			sourceTree = "<group>";
		};
		0EE8B5042C480B2800A1AB43 /* TableView */ = {
			isa = PBXGroup;
			children = (
				0EE8B5002C46FBA900A1AB43 /* TableViewController.swift */,
				0EE8B5052C480B6A00A1AB43 /* TableViewControllerRepresentable.swift */,
				0E70E3352C730BDA006850F9 /* MyTableCellTextFieldView.swift */,
			);
			path = TableView;
			sourceTree = "<group>";
		};
/* End PBXGroup section */

/* Begin PBXNativeTarget section */
		0EBF44C52BEC51A50039CB5E /* Ledger */ = {
			isa = PBXNativeTarget;
			buildConfigurationList = 0EBF44D52BEC51A60039CB5E /* Build configuration list for PBXNativeTarget "Ledger" */;
			buildPhases = (
				0EBF44C22BEC51A50039CB5E /* Sources */,
				0EBF44C32BEC51A50039CB5E /* Frameworks */,
				0EBF44C42BEC51A50039CB5E /* Resources */,
				0EBF45072BEDC48F0039CB5E /* CopyFiles */,
			);
			buildRules = (
			);
			dependencies = (
			);
			name = Ledger;
			productName = Ledger;
			productReference = 0EBF44C62BEC51A50039CB5E /* Ledger.app */;
			productType = "com.apple.product-type.application";
		};
/* End PBXNativeTarget section */

/* Begin PBXProject section */
		0EBF44BE2BEC51A50039CB5E /* Project object */ = {
			isa = PBXProject;
			attributes = {
				BuildIndependentTargetsInParallel = 1;
				LastSwiftUpdateCheck = 1530;
				LastUpgradeCheck = 1540;
				TargetAttributes = {
					0EBF44C52BEC51A50039CB5E = {
						CreatedOnToolsVersion = 15.3;
					};
				};
			};
			buildConfigurationList = 0EBF44C12BEC51A50039CB5E /* Build configuration list for PBXProject "Ledger" */;
			compatibilityVersion = "Xcode 14.0";
			developmentRegion = en;
			hasScannedForEncodings = 0;
			knownRegions = (
				en,
				Base,
			);
			mainGroup = 0EBF44BD2BEC51A50039CB5E;
			productRefGroup = 0EBF44C72BEC51A50039CB5E /* Products */;
			projectDirPath = "";
			projectRoot = "";
			targets = (
				0EBF44C52BEC51A50039CB5E /* Ledger */,
			);
		};
/* End PBXProject section */

/* Begin PBXResourcesBuildPhase section */
		0EBF44C42BEC51A50039CB5E /* Resources */ = {
			isa = PBXResourcesBuildPhase;
			buildActionMask = 2147483647;
			files = (
				0ED001A12C6899AC0022CD68 /* TODO.rtf in Resources */,
				0EBF44D12BEC51A60039CB5E /* Preview Assets.xcassets in Resources */,
				0EE8B4FD2C4622E900A1AB43 /* TableView.storyboard in Resources */,
				0EBF44CE2BEC51A60039CB5E /* Assets.xcassets in Resources */,
			);
			runOnlyForDeploymentPostprocessing = 0;
		};
/* End PBXResourcesBuildPhase section */

/* Begin PBXSourcesBuildPhase section */
		0EBF44C22BEC51A50039CB5E /* Sources */ = {
			isa = PBXSourcesBuildPhase;
			buildActionMask = 2147483647;
			files = (
				0E62775A2C195BCB00CC857D /* Ledger.xcdatamodeld in Sources */,
				0ED8A5B92C64230C0011E102 /* FRC.swift in Sources */,
				0E6277592C195A2F00CC857D /* ViewController.swift in Sources */,
				0E5E89352C30E15B0084B85A /* String.swift in Sources */,
				0EDC6FF62C06B2340034B411 /* PersistenceController.swift in Sources */,
				0ED001A62C6C844E0022CD68 /* Double.swift in Sources */,
				0E6276ED2C1115F000CC857D /* SidebarView.swift in Sources */,
				0EE8B5012C46FBA900A1AB43 /* TableViewController.swift in Sources */,
				0E5E88FE2C2695D80084B85A /* Sortable.swift in Sources */,
				0ED8A5B32C5ADD460011E102 /* Constants.swift in Sources */,
				0ED001A42C6C84100022CD68 /* DefaultInitalizable.swift in Sources */,
				0E5E893A2C33B5B70084B85A /* CodingUserInfoKey+helper.swift in Sources */,
				0EDC6FF22C0677C80034B411 /* MyStringFormatStyle.swift in Sources */,
				0ED0019F2C6898CB0022CD68 /* NSPredicate.swift in Sources */,
				0EE8B5062C480B6A00A1AB43 /* TableViewControllerRepresentable.swift in Sources */,
				0E70E3362C730BDA006850F9 /* MyTableCellTextFieldView.swift in Sources */,
				0E5E89082C2744E90084B85A /* KeyEquivalent.swift in Sources */,
				0E5E88FB2C2532610084B85A /* CDAccountEntry+Codable.swift in Sources */,
				0EDC6FED2C0581BC0034B411 /* DateFormatter.swift in Sources */,
				0ED8A5B12C59DFE00011E102 /* CDController.swift in Sources */,
				0E6276F32C12374100CC857D /* FetchDescriptor.swift in Sources */,
				0ED001AD2C6C863C0022CD68 /* MyDateFormatStyle.swift in Sources */,
				0E5E893C2C33BD910084B85A /* NSSortDescriptor.swift in Sources */,
				0E5E89402C34FF410084B85A /* StringDropDelegate.swift in Sources */,
				0E5E88F92C2532300084B85A /* CDAccount+Codable.swift in Sources */,
				0E1C764B2C704515005BECA5 /* NSTableView.swift in Sources */,
				0E5E88AB2C1AAAAD0084B85A /* NSSet.swift in Sources */,
				0E5E89382C31D4BC0084B85A /* EditorView.swift in Sources */,
				0EBF44E32BED560E0039CB5E /* LedgerApp.swift in Sources */,
				0E5E89272C2BDAB10084B85A /* CDAccountDropDelegate.swift in Sources */,
				0E6277572C16D0B600CC857D /* CDAccount+helper.swift in Sources */,
				0E1C764F2C705DE2005BECA5 /* MyEmptyFormatStyle.swift in Sources */,
				0EBF44E42BED560E0039CB5E /* ContentView.swift in Sources */,
				0E70E3282C71537B006850F9 /* CaseIterable.swift in Sources */,
				0E5E89312C30C6220084B85A /* SidebarView+CreateAccountFlow.swift in Sources */,
				0EE8B51B2C4F8B5A00A1AB43 /* TableViewControllerDelegate.swift in Sources */,
				0E70E3342C7289E3006850F9 /* TableCommands.swift in Sources */,
				0EDC6FF42C0697A00034B411 /* View.swift in Sources */,
				0E881E152C646BFE00585C4C /* SearchController.swift in Sources */,
				0E62775C2C1960F000CC857D /* CDAccountEntry+helper.swift in Sources */,
				0E1C764D2C704E0D005BECA5 /* KeyboardShortcut.swift in Sources */,
				0ED001A92C6C84FB0022CD68 /* Date.swift in Sources */,
				0ED8A5B52C6034940011E102 /* NSManagedObjectContext.swift in Sources */,
				0E5E892C2C2CE9630084B85A /* CDAccountEntryDropDelegate.swift in Sources */,
			);
			runOnlyForDeploymentPostprocessing = 0;
		};
/* End PBXSourcesBuildPhase section */

/* Begin XCBuildConfiguration section */
		0EBF44D32BEC51A60039CB5E /* Debug */ = {
			isa = XCBuildConfiguration;
			buildSettings = {
				ALWAYS_SEARCH_USER_PATHS = NO;
				ASSETCATALOG_COMPILER_GENERATE_SWIFT_ASSET_SYMBOL_EXTENSIONS = YES;
				CLANG_ANALYZER_NONNULL = YES;
				CLANG_ANALYZER_NUMBER_OBJECT_CONVERSION = YES_AGGRESSIVE;
				CLANG_CXX_LANGUAGE_STANDARD = "gnu++20";
				CLANG_ENABLE_MODULES = YES;
				CLANG_ENABLE_OBJC_ARC = YES;
				CLANG_ENABLE_OBJC_WEAK = YES;
				CLANG_WARN_BLOCK_CAPTURE_AUTORELEASING = YES;
				CLANG_WARN_BOOL_CONVERSION = YES;
				CLANG_WARN_COMMA = YES;
				CLANG_WARN_CONSTANT_CONVERSION = YES;
				CLANG_WARN_DEPRECATED_OBJC_IMPLEMENTATIONS = YES;
				CLANG_WARN_DIRECT_OBJC_ISA_USAGE = YES_ERROR;
				CLANG_WARN_DOCUMENTATION_COMMENTS = YES;
				CLANG_WARN_EMPTY_BODY = YES;
				CLANG_WARN_ENUM_CONVERSION = YES;
				CLANG_WARN_INFINITE_RECURSION = YES;
				CLANG_WARN_INT_CONVERSION = YES;
				CLANG_WARN_NON_LITERAL_NULL_CONVERSION = YES;
				CLANG_WARN_OBJC_IMPLICIT_RETAIN_SELF = YES;
				CLANG_WARN_OBJC_LITERAL_CONVERSION = YES;
				CLANG_WARN_OBJC_ROOT_CLASS = YES_ERROR;
				CLANG_WARN_QUOTED_INCLUDE_IN_FRAMEWORK_HEADER = YES;
				CLANG_WARN_RANGE_LOOP_ANALYSIS = YES;
				CLANG_WARN_STRICT_PROTOTYPES = YES;
				CLANG_WARN_SUSPICIOUS_MOVE = YES;
				CLANG_WARN_UNGUARDED_AVAILABILITY = YES_AGGRESSIVE;
				CLANG_WARN_UNREACHABLE_CODE = YES;
				CLANG_WARN__DUPLICATE_METHOD_MATCH = YES;
				COPY_PHASE_STRIP = NO;
				DEAD_CODE_STRIPPING = YES;
				DEBUG_INFORMATION_FORMAT = dwarf;
				ENABLE_STRICT_OBJC_MSGSEND = YES;
				ENABLE_TESTABILITY = YES;
				ENABLE_USER_SCRIPT_SANDBOXING = YES;
				GCC_C_LANGUAGE_STANDARD = gnu17;
				GCC_DYNAMIC_NO_PIC = NO;
				GCC_NO_COMMON_BLOCKS = YES;
				GCC_OPTIMIZATION_LEVEL = 0;
				GCC_PREPROCESSOR_DEFINITIONS = (
					"DEBUG=1",
					"$(inherited)",
				);
				GCC_WARN_64_TO_32_BIT_CONVERSION = YES;
				GCC_WARN_ABOUT_RETURN_TYPE = YES_ERROR;
				GCC_WARN_UNDECLARED_SELECTOR = YES;
				GCC_WARN_UNINITIALIZED_AUTOS = YES_AGGRESSIVE;
				GCC_WARN_UNUSED_FUNCTION = YES;
				GCC_WARN_UNUSED_VARIABLE = YES;
				LOCALIZATION_PREFERS_STRING_CATALOGS = YES;
				MACOSX_DEPLOYMENT_TARGET = 14.5;
				MTL_ENABLE_DEBUG_INFO = INCLUDE_SOURCE;
				MTL_FAST_MATH = YES;
				ONLY_ACTIVE_ARCH = YES;
				SDKROOT = macosx;
				SWIFT_ACTIVE_COMPILATION_CONDITIONS = "DEBUG $(inherited)";
				SWIFT_OPTIMIZATION_LEVEL = "-Onone";
			};
			name = Debug;
		};
		0EBF44D42BEC51A60039CB5E /* Release */ = {
			isa = XCBuildConfiguration;
			buildSettings = {
				ALWAYS_SEARCH_USER_PATHS = NO;
				ASSETCATALOG_COMPILER_GENERATE_SWIFT_ASSET_SYMBOL_EXTENSIONS = YES;
				CLANG_ANALYZER_NONNULL = YES;
				CLANG_ANALYZER_NUMBER_OBJECT_CONVERSION = YES_AGGRESSIVE;
				CLANG_CXX_LANGUAGE_STANDARD = "gnu++20";
				CLANG_ENABLE_MODULES = YES;
				CLANG_ENABLE_OBJC_ARC = YES;
				CLANG_ENABLE_OBJC_WEAK = YES;
				CLANG_WARN_BLOCK_CAPTURE_AUTORELEASING = YES;
				CLANG_WARN_BOOL_CONVERSION = YES;
				CLANG_WARN_COMMA = YES;
				CLANG_WARN_CONSTANT_CONVERSION = YES;
				CLANG_WARN_DEPRECATED_OBJC_IMPLEMENTATIONS = YES;
				CLANG_WARN_DIRECT_OBJC_ISA_USAGE = YES_ERROR;
				CLANG_WARN_DOCUMENTATION_COMMENTS = YES;
				CLANG_WARN_EMPTY_BODY = YES;
				CLANG_WARN_ENUM_CONVERSION = YES;
				CLANG_WARN_INFINITE_RECURSION = YES;
				CLANG_WARN_INT_CONVERSION = YES;
				CLANG_WARN_NON_LITERAL_NULL_CONVERSION = YES;
				CLANG_WARN_OBJC_IMPLICIT_RETAIN_SELF = YES;
				CLANG_WARN_OBJC_LITERAL_CONVERSION = YES;
				CLANG_WARN_OBJC_ROOT_CLASS = YES_ERROR;
				CLANG_WARN_QUOTED_INCLUDE_IN_FRAMEWORK_HEADER = YES;
				CLANG_WARN_RANGE_LOOP_ANALYSIS = YES;
				CLANG_WARN_STRICT_PROTOTYPES = YES;
				CLANG_WARN_SUSPICIOUS_MOVE = YES;
				CLANG_WARN_UNGUARDED_AVAILABILITY = YES_AGGRESSIVE;
				CLANG_WARN_UNREACHABLE_CODE = YES;
				CLANG_WARN__DUPLICATE_METHOD_MATCH = YES;
				COPY_PHASE_STRIP = NO;
				DEAD_CODE_STRIPPING = YES;
				DEBUG_INFORMATION_FORMAT = "dwarf-with-dsym";
				ENABLE_NS_ASSERTIONS = NO;
				ENABLE_STRICT_OBJC_MSGSEND = YES;
				ENABLE_USER_SCRIPT_SANDBOXING = YES;
				GCC_C_LANGUAGE_STANDARD = gnu17;
				GCC_NO_COMMON_BLOCKS = YES;
				GCC_WARN_64_TO_32_BIT_CONVERSION = YES;
				GCC_WARN_ABOUT_RETURN_TYPE = YES_ERROR;
				GCC_WARN_UNDECLARED_SELECTOR = YES;
				GCC_WARN_UNINITIALIZED_AUTOS = YES_AGGRESSIVE;
				GCC_WARN_UNUSED_FUNCTION = YES;
				GCC_WARN_UNUSED_VARIABLE = YES;
				LOCALIZATION_PREFERS_STRING_CATALOGS = YES;
				MACOSX_DEPLOYMENT_TARGET = 14.5;
				MTL_ENABLE_DEBUG_INFO = NO;
				MTL_FAST_MATH = YES;
				SDKROOT = macosx;
				SWIFT_COMPILATION_MODE = wholemodule;
			};
			name = Release;
		};
		0EBF44D62BEC51A60039CB5E /* Debug */ = {
			isa = XCBuildConfiguration;
			buildSettings = {
				ASSETCATALOG_COMPILER_APPICON_NAME = AppIcon;
				ASSETCATALOG_COMPILER_GLOBAL_ACCENT_COLOR_NAME = AccentColor;
				CODE_SIGN_ENTITLEMENTS = Ledger/Ledger.entitlements;
				CODE_SIGN_STYLE = Automatic;
				COMBINE_HIDPI_IMAGES = YES;
				CURRENT_PROJECT_VERSION = 1;
				DEAD_CODE_STRIPPING = YES;
				DEVELOPMENT_ASSET_PATHS = "\"Ledger/Preview Content\"";
				DEVELOPMENT_TEAM = DWM34YFGJU;
				ENABLE_HARDENED_RUNTIME = YES;
				ENABLE_PREVIEWS = YES;
				GENERATE_INFOPLIST_FILE = YES;
				INFOPLIST_FILE = Ledger/Info.plist;
				INFOPLIST_KEY_CFBundleDisplayName = Ledger;
				INFOPLIST_KEY_LSApplicationCategoryType = "public.app-category.finance";
				INFOPLIST_KEY_NSHumanReadableCopyright = "";
				INFOPLIST_KEY_UILaunchStoryboardName = "";
				LD_RUNPATH_SEARCH_PATHS = (
					"$(inherited)",
					"@executable_path/../Frameworks",
				);
				MARKETING_VERSION = 1.0;
				PRODUCT_BUNDLE_IDENTIFIER = name.avisanchez.Ledger;
				PRODUCT_NAME = "$(TARGET_NAME)";
				SWIFT_EMIT_LOC_STRINGS = YES;
				SWIFT_VERSION = 5.0;
			};
			name = Debug;
		};
		0EBF44D72BEC51A60039CB5E /* Release */ = {
			isa = XCBuildConfiguration;
			buildSettings = {
				ASSETCATALOG_COMPILER_APPICON_NAME = AppIcon;
				ASSETCATALOG_COMPILER_GLOBAL_ACCENT_COLOR_NAME = AccentColor;
				CODE_SIGN_ENTITLEMENTS = Ledger/Ledger.entitlements;
				CODE_SIGN_STYLE = Automatic;
				COMBINE_HIDPI_IMAGES = YES;
				CURRENT_PROJECT_VERSION = 1;
				DEAD_CODE_STRIPPING = YES;
				DEVELOPMENT_ASSET_PATHS = "\"Ledger/Preview Content\"";
				DEVELOPMENT_TEAM = DWM34YFGJU;
				ENABLE_HARDENED_RUNTIME = YES;
				ENABLE_PREVIEWS = YES;
				GENERATE_INFOPLIST_FILE = YES;
				INFOPLIST_FILE = Ledger/Info.plist;
				INFOPLIST_KEY_CFBundleDisplayName = Ledger;
				INFOPLIST_KEY_LSApplicationCategoryType = "public.app-category.finance";
				INFOPLIST_KEY_NSHumanReadableCopyright = "";
				INFOPLIST_KEY_UILaunchStoryboardName = "";
				LD_RUNPATH_SEARCH_PATHS = (
					"$(inherited)",
					"@executable_path/../Frameworks",
				);
				MARKETING_VERSION = 1.0;
				PRODUCT_BUNDLE_IDENTIFIER = com.ledger.avisanchez;
				PRODUCT_NAME = "$(TARGET_NAME)";
				SWIFT_EMIT_LOC_STRINGS = YES;
				SWIFT_VERSION = 5.0;
			};
			name = Release;
		};
/* End XCBuildConfiguration section */

/* Begin XCConfigurationList section */
		0EBF44C12BEC51A50039CB5E /* Build configuration list for PBXProject "Ledger" */ = {
			isa = XCConfigurationList;
			buildConfigurations = (
				0EBF44D32BEC51A60039CB5E /* Debug */,
				0EBF44D42BEC51A60039CB5E /* Release */,
			);
			defaultConfigurationIsVisible = 0;
			defaultConfigurationName = Release;
		};
		0EBF44D52BEC51A60039CB5E /* Build configuration list for PBXNativeTarget "Ledger" */ = {
			isa = XCConfigurationList;
			buildConfigurations = (
				0EBF44D62BEC51A60039CB5E /* Debug */,
				0EBF44D72BEC51A60039CB5E /* Release */,
			);
			defaultConfigurationIsVisible = 0;
			defaultConfigurationName = Release;
		};
/* End XCConfigurationList section */

/* Begin XCVersionGroup section */
		0E56DBC22BFD62D00037D189 /* Ledger.xcdatamodeld */ = {
			isa = XCVersionGroup;
			children = (
				0E56DBC32BFD62D00037D189 /* Ledger.xcdatamodel */,
			);
			currentVersion = 0E56DBC32BFD62D00037D189 /* Ledger.xcdatamodel */;
			path = Ledger.xcdatamodeld;
			sourceTree = "<group>";
			versionGroupType = wrapper.xcdatamodel;
		};
/* End XCVersionGroup section */
	};
	rootObject = 0EBF44BE2BEC51A50039CB5E /* Project object */;
}
